
Microsoft Visual Studio Solution File, Format Version 12.00
# Visual Studio Version 17
VisualStudioVersion = 17.0.31903.59
MinimumVisualStudioVersion = 10.0.40219.1
Project("{9A19103F-16F7-4668-BE54-9A1E7A4F7556}") = "SunamoString.Tests", "SunamoString.Tests\\SunamoString.Tests.csproj", "{B822B1EA-5563-4DB8-85D7-5B7D8F92A9F2}"
EndProject
Project("{FAE04EC0-301F-11D3-BF4B-00C04F79EFBC}") = "RunnerString", "RunnerString\\RunnerString.csproj", "{BC7DACD8-4A7D-4976-AD45-97FB1F9ABC49}"
EndProject
Project("{FAE04EC0-301F-11D3-BF4B-00C04F79EFBC}") = "SunamoString", "SunamoString\SunamoString.csproj", "{3FBC966D-2510-4E8B-A9E1-04F0B3227E44}"
EndProject
Global
	GlobalSection(SolutionConfigurationPlatforms) = preSolution
		Debug|Any CPU = Debug|Any CPU
		Debug|x64 = Debug|x64
		Debug|x86 = Debug|x86
		Release|Any CPU = Release|Any CPU
		Release|x64 = Release|x64
		Release|x86 = Release|x86
	EndGlobalSection
	GlobalSection(ProjectConfigurationPlatforms) = postSolution
		{B822B1EA-5563-4DB8-85D7-5B7D8F92A9F2}.Debug|Any CPU.ActiveCfg = Debug|Any CPU
		{B822B1EA-5563-4DB8-85D7-5B7D8F92A9F2}.Debug|Any CPU.Build.0 = Debug|Any CPU
		{B822B1EA-5563-4DB8-85D7-5B7D8F92A9F2}.Debug|x64.ActiveCfg = Debug|Any CPU
		{B822B1EA-5563-4DB8-85D7-5B7D8F92A9F2}.Debug|x64.Build.0 = Debug|Any CPU
		{B822B1EA-5563-4DB8-85D7-5B7D8F92A9F2}.Debug|x86.ActiveCfg = Debug|Any CPU
		{B822B1EA-5563-4DB8-85D7-5B7D8F92A9F2}.Debug|x86.Build.0 = Debug|Any CPU
		{B822B1EA-5563-4DB8-85D7-5B7D8F92A9F2}.Release|Any CPU.ActiveCfg = Release|Any CPU
		{B822B1EA-5563-4DB8-85D7-5B7D8F92A9F2}.Release|Any CPU.Build.0 = Release|Any CPU
		{B822B1EA-5563-4DB8-85D7-5B7D8F92A9F2}.Release|x64.ActiveCfg = Release|Any CPU
		{B822B1EA-5563-4DB8-85D7-5B7D8F92A9F2}.Release|x64.Build.0 = Release|Any CPU
		{B822B1EA-5563-4DB8-85D7-5B7D8F92A9F2}.Release|x86.ActiveCfg = Release|Any CPU
		{B822B1EA-5563-4DB8-85D7-5B7D8F92A9F2}.Release|x86.Build.0 = Release|Any CPU
		{BC7DACD8-4A7D-4976-AD45-97FB1F9ABC49}.Debug|Any CPU.ActiveCfg = Debug|Any CPU
		{BC7DACD8-4A7D-4976-AD45-97FB1F9ABC49}.Debug|Any CPU.Build.0 = Debug|Any CPU
		{BC7DACD8-4A7D-4976-AD45-97FB1F9ABC49}.Debug|x64.ActiveCfg = Debug|Any CPU
		{BC7DACD8-4A7D-4976-AD45-97FB1F9ABC49}.Debug|x64.Build.0 = Debug|Any CPU
		{BC7DACD8-4A7D-4976-AD45-97FB1F9ABC49}.Debug|x86.ActiveCfg = Debug|Any CPU
		{BC7DACD8-4A7D-4976-AD45-97FB1F9ABC49}.Debug|x86.Build.0 = Debug|Any CPU
		{BC7DACD8-4A7D-4976-AD45-97FB1F9ABC49}.Release|Any CPU.ActiveCfg = Release|Any CPU
		{BC7DACD8-4A7D-4976-AD45-97FB1F9ABC49}.Release|Any CPU.Build.0 = Release|Any CPU
		{BC7DACD8-4A7D-4976-AD45-97FB1F9ABC49}.Release|x64.ActiveCfg = Release|Any CPU
		{BC7DACD8-4A7D-4976-AD45-97FB1F9ABC49}.Release|x64.Build.0 = Release|Any CPU
		{BC7DACD8-4A7D-4976-AD45-97FB1F9ABC49}.Release|x86.ActiveCfg = Release|Any CPU
		{BC7DACD8-4A7D-4976-AD45-97FB1F9ABC49}.Release|x86.Build.0 = Release|Any CPU
		{3FBC966D-2510-4E8B-A9E1-04F0B3227E44}.Debug|Any CPU.ActiveCfg = Debug|Any CPU
		{3FBC966D-2510-4E8B-A9E1-04F0B3227E44}.Debug|Any CPU.Build.0 = Debug|Any CPU
		{3FBC966D-2510-4E8B-A9E1-04F0B3227E44}.Debug|x64.ActiveCfg = Debug|Any CPU
		{3FBC966D-2510-4E8B-A9E1-04F0B3227E44}.Debug|x64.Build.0 = Debug|Any CPU
		{3FBC966D-2510-4E8B-A9E1-04F0B3227E44}.Debug|x86.ActiveCfg = Debug|Any CPU
		{3FBC966D-2510-4E8B-A9E1-04F0B3227E44}.Debug|x86.Build.0 = Debug|Any CPU
		{3FBC966D-2510-4E8B-A9E1-04F0B3227E44}.Release|Any CPU.ActiveCfg = Release|Any CPU
		{3FBC966D-2510-4E8B-A9E1-04F0B3227E44}.Release|Any CPU.Build.0 = Release|Any CPU
		{3FBC966D-2510-4E8B-A9E1-04F0B3227E44}.Release|x64.ActiveCfg = Release|Any CPU
		{3FBC966D-2510-4E8B-A9E1-04F0B3227E44}.Release|x64.Build.0 = Release|Any CPU
		{3FBC966D-2510-4E8B-A9E1-04F0B3227E44}.Release|x86.ActiveCfg = Release|Any CPU
		{3FBC966D-2510-4E8B-A9E1-04F0B3227E44}.Release|x86.Build.0 = Release|Any CPU
	EndGlobalSection
	GlobalSection(SolutionProperties) = preSolution
		HideSolutionNode = FALSE
	EndGlobalSection
	GlobalSection(ExtensibilityGlobals) = postSolution
		SolutionGuid = {9A5373C6-F315-44D0-B3C3-59EF8E89828B}
	EndGlobalSection
EndGlobal
